
Microsoft Visual Studio Solution File, Format Version 12.00
# Visual Studio Version 16
VisualStudioVersion = 16.0.31410.357
MinimumVisualStudioVersion = 10.0.40219.1
Project("{9A19103F-16F7-4668-BE54-9A1E7A4F7556}") = "Service", "src\Service\Service.csproj", "{1F87510B-81C9-47E9-A86E-2B51A62782E4}"
EndProject
Project("{9A19103F-16F7-4668-BE54-9A1E7A4F7556}") = "Core", "src\Core\Core.csproj", "{318F84FE-1A2D-4DFF-BA74-C83A738BB880}"
EndProject
Project("{9A19103F-16F7-4668-BE54-9A1E7A4F7556}") = "Tests", "tests\Tests.csproj", "{A78185C3-39C5-41B0-876C-4EFF56B77E2F}"
EndProject
Global
	GlobalSection(SolutionConfigurationPlatforms) = preSolution
		Debug|Any CPU = Debug|Any CPU
		Release|Any CPU = Release|Any CPU
	EndGlobalSection
	GlobalSection(ProjectConfigurationPlatforms) = postSolution
		{1F87510B-81C9-47E9-A86E-2B51A62782E4}.Debug|Any CPU.ActiveCfg = Debug|Any CPU
		{1F87510B-81C9-47E9-A86E-2B51A62782E4}.Debug|Any CPU.Build.0 = Debug|Any CPU
		{1F87510B-81C9-47E9-A86E-2B51A62782E4}.Release|Any CPU.ActiveCfg = Release|Any CPU
		{1F87510B-81C9-47E9-A86E-2B51A62782E4}.Release|Any CPU.Build.0 = Release|Any CPU
		{318F84FE-1A2D-4DFF-BA74-C83A738BB880}.Debug|Any CPU.ActiveCfg = Debug|Any CPU
		{318F84FE-1A2D-4DFF-BA74-C83A738BB880}.Debug|Any CPU.Build.0 = Debug|Any CPU
		{318F84FE-1A2D-4DFF-BA74-C83A738BB880}.Release|Any CPU.ActiveCfg = Release|Any CPU
		{318F84FE-1A2D-4DFF-BA74-C83A738BB880}.Release|Any CPU.Build.0 = Release|Any CPU
		{A78185C3-39C5-41B0-876C-4EFF56B77E2F}.Debug|Any CPU.ActiveCfg = Debug|Any CPU
		{A78185C3-39C5-41B0-876C-4EFF56B77E2F}.Debug|Any CPU.Build.0 = Debug|Any CPU
		{A78185C3-39C5-41B0-876C-4EFF56B77E2F}.Release|Any CPU.ActiveCfg = Release|Any CPU
		{A78185C3-39C5-41B0-876C-4EFF56B77E2F}.Release|Any CPU.Build.0 = Release|Any CPU
	EndGlobalSection
	GlobalSection(SolutionProperties) = preSolution
		HideSolutionNode = FALSE
	EndGlobalSection
	GlobalSection(ExtensibilityGlobals) = postSolution
		SolutionGuid = {C34999D5-F757-4AC1-B0A0-CD00CCD4D814}
	EndGlobalSection
EndGlobal
